
Microsoft Visual Studio Solution File, Format Version 12.00
# Visual Studio Version 16
VisualStudioVersion = 16.0.30523.141
MinimumVisualStudioVersion = 10.0.40219.1
Project("{FAE04EC0-301F-11D3-BF4B-00C04F79EFBC}") = "TeachFocus", "TeachFocus.csproj", "{4EB62C0E-F0D7-47B9-B0BD-AFE5734EF661}"
EndProject
Global
	GlobalSection(SolutionConfigurationPlatforms) = preSolution
		Debug|Any CPU = Debug|Any CPU
		Release|Any CPU = Release|Any CPU
	EndGlobalSection
	GlobalSection(ProjectConfigurationPlatforms) = postSolution
		{4EB62C0E-F0D7-47B9-B0BD-AFE5734EF661}.Debug|Any CPU.ActiveCfg = Debug|Any CPU
		{4EB62C0E-F0D7-47B9-B0BD-AFE5734EF661}.Debug|Any CPU.Build.0 = Debug|Any CPU
		{4EB62C0E-F0D7-47B9-B0BD-AFE5734EF661}.Release|Any CPU.ActiveCfg = Release|Any CPU
		{4EB62C0E-F0D7-47B9-B0BD-AFE5734EF661}.Release|Any CPU.Build.0 = Release|Any CPU
	EndGlobalSection
	GlobalSection(SolutionProperties) = preSolution
		HideSolutionNode = FALSE
	EndGlobalSection
	GlobalSection(ExtensibilityGlobals) = postSolution
		SolutionGuid = {D9D08FCA-7EE3-4EA8-B6F4-92329C43CF43}
	EndGlobalSection
EndGlobal
